{
  "name": "HarpHymnal",
  "lockfileVersion": 3,
  "requires": true,
  "packages": {
    "": {
      "dependencies": {
        "abc2svg": "^1.22.1"
      }
    },
    "node_modules/abc2svg": {
      "version": "1.22.1",
      "resolved": "https://registry.npmjs.org/abc2svg/-/abc2svg-1.22.1.tgz",
      "integrity": "sha512-Ec2GAjd1gUFJiSCFapMYD9ZcTuhGEeslsIOW53z9P09B3OMz2FqldoPebOLYd3aUlQyVll/oDbtw3ZX8WbjLrg==",
      "deprecated": "Package no longer supported. Contact Support at https://www.npmjs.com/support for more info.",
      "license": "LGPL-3.0",
      "bin": {
        "abc2odt": "abc2odt",
        "abc2svg": "abc2svg",
        "abcjsc": "abcjsc",
        "abcmjs": "abcmjs",
        "abcnode": "abcnode",
        "abcqjs": "abcqjs",
        "abctopdf": "abctopdf"
      }
    }
  }
}
